
Microsoft Visual Studio Solution File, Format Version 12.00
# Visual Studio Version 17
VisualStudioVersion = 17.3.32901.215
MinimumVisualStudioVersion = 10.0.40219.1
Project("{FAE04EC0-301F-11D3-BF4B-00C04F79EFBC}") = "ApiLuiz", "ApiLuiz\ApiLuiz.csproj", "{B338F9EB-190C-44EC-8428-AC5901B5E2A7}"
EndProject
Global
	GlobalSection(SolutionConfigurationPlatforms) = preSolution
		Debug|Any CPU = Debug|Any CPU
		Release|Any CPU = Release|Any CPU
	EndGlobalSection
	GlobalSection(ProjectConfigurationPlatforms) = postSolution
		{B338F9EB-190C-44EC-8428-AC5901B5E2A7}.Debug|Any CPU.ActiveCfg = Debug|Any CPU
		{B338F9EB-190C-44EC-8428-AC5901B5E2A7}.Debug|Any CPU.Build.0 = Debug|Any CPU
		{B338F9EB-190C-44EC-8428-AC5901B5E2A7}.Release|Any CPU.ActiveCfg = Release|Any CPU
		{B338F9EB-190C-44EC-8428-AC5901B5E2A7}.Release|Any CPU.Build.0 = Release|Any CPU
	EndGlobalSection
	GlobalSection(SolutionProperties) = preSolution
		HideSolutionNode = FALSE
	EndGlobalSection
	GlobalSection(ExtensibilityGlobals) = postSolution
		SolutionGuid = {4608E607-FDA2-4B8F-B3FA-56E37CBED16A}
	EndGlobalSection
EndGlobal
